// !$*UTF8*$!
{
	archiveVersion = 1;
	classes = {
	};
	objectVersion = 77;
	objects = {

/* Begin PBXContainerItemProxy section */
		17585D112DA3FE090099A4E6 /* PBXContainerItemProxy */ = {
			isa = PBXContainerItemProxy;
			containerPortal = 17585CF92DA3FE070099A4E6 /* Project object */;
			proxyType = 1;
			remoteGlobalIDString = 17585D002DA3FE070099A4E6;
			remoteInfo = Happyloc;
		};
		17585D1B2DA3FE090099A4E6 /* PBXContainerItemProxy */ = {
			isa = PBXContainerItemProxy;
			containerPortal = 17585CF92DA3FE070099A4E6 /* Project object */;
			proxyType = 1;
			remoteGlobalIDString = 17585D002DA3FE070099A4E6;
			remoteInfo = Happyloc;
		};
/* End PBXContainerItemProxy section */

/* Begin PBXFileReference section */
		17585D012DA3FE070099A4E6 /* Happyloc.app */ = {isa = PBXFileReference; explicitFileType = wrapper.application; includeInIndex = 0; path = Happyloc.app; sourceTree = BUILT_PRODUCTS_DIR; };
		17585D102DA3FE090099A4E6 /* HappylocTests.xctest */ = {isa = PBXFileReference; explicitFileType = wrapper.cfbundle; includeInIndex = 0; path = HappylocTests.xctest; sourceTree = BUILT_PRODUCTS_DIR; };
		17585D1A2DA3FE090099A4E6 /* HappylocUITests.xctest */ = {isa = PBXFileReference; explicitFileType = wrapper.cfbundle; includeInIndex = 0; path = HappylocUITests.xctest; sourceTree = BUILT_PRODUCTS_DIR; };
/* End PBXFileReference section */

/* Begin PBXFileSystemSynchronizedRootGroup section */
		17585D032DA3FE070099A4E6 /* Happyloc */ = {
			isa = PBXFileSystemSynchronizedRootGroup;
			path = Happyloc;
			sourceTree = "<group>";
		};
		17585D132DA3FE090099A4E6 /* HappylocTests */ = {
			isa = PBXFileSystemSynchronizedRootGroup;
			path = HappylocTests;
			sourceTree = "<group>";
		};
		17585D1D2DA3FE090099A4E6 /* HappylocUITests */ = {
			isa = PBXFileSystemSynchronizedRootGroup;
			path = HappylocUITests;
			sourceTree = "<group>";
		};
/* End PBXFileSystemSynchronizedRootGroup section */

/* Begin PBXFrameworksBuildPhase section */
		17585CFE2DA3FE070099A4E6 /* Frameworks */ = {
			isa = PBXFrameworksBuildPhase;
			buildActionMask = 2147483647;
			files = (
			);
			runOnlyForDeploymentPostprocessing = 0;
		};
		17585D0D2DA3FE090099A4E6 /* Frameworks */ = {
			isa = PBXFrameworksBuildPhase;
			buildActionMask = 2147483647;
			files = (
			);
			runOnlyForDeploymentPostprocessing = 0;
		};
		17585D172DA3FE090099A4E6 /* Frameworks */ = {
			isa = PBXFrameworksBuildPhase;
			buildActionMask = 2147483647;
			files = (
			);
			runOnlyForDeploymentPostprocessing = 0;
		};
/* End PBXFrameworksBuildPhase section */

/* Begin PBXGroup section */
		17585CF82DA3FE070099A4E6 = {
			isa = PBXGroup;
			children = (
				17585D032DA3FE070099A4E6 /* Happyloc */,
				17585D132DA3FE090099A4E6 /* HappylocTests */,
				17585D1D2DA3FE090099A4E6 /* HappylocUITests */,
				17585D022DA3FE070099A4E6 /* Products */,
			);
			sourceTree = "<group>";
		};
		17585D022DA3FE070099A4E6 /* Products */ = {
			isa = PBXGroup;
			children = (
				17585D012DA3FE070099A4E6 /* Happyloc.app */,
				17585D102DA3FE090099A4E6 /* HappylocTests.xctest */,
				17585D1A2DA3FE090099A4E6 /* HappylocUITests.xctest */,
			);
			name = Products;
			sourceTree = "<group>";
		};
/* End PBXGroup section */

/* Begin PBXNativeTarget section */
		17585D002DA3FE070099A4E6 /* Happyloc */ = {
			isa = PBXNativeTarget;
			buildConfigurationList = 17585D242DA3FE090099A4E6 /* Build configuration list for PBXNativeTarget "Happyloc" */;
			buildPhases = (
				17585CFD2DA3FE070099A4E6 /* Sources */,
				17585CFE2DA3FE070099A4E6 /* Frameworks */,
				17585CFF2DA3FE070099A4E6 /* Resources */,
			);
			buildRules = (
			);
			dependencies = (
			);
			fileSystemSynchronizedGroups = (
				17585D032DA3FE070099A4E6 /* Happyloc */,
			);
			name = Happyloc;
			packageProductDependencies = (
			);
			productName = Happyloc;
			productReference = 17585D012DA3FE070099A4E6 /* Happyloc.app */;
			productType = "com.apple.product-type.application";
		};
		17585D0F2DA3FE090099A4E6 /* HappylocTests */ = {
			isa = PBXNativeTarget;
			buildConfigurationList = 17585D272DA3FE090099A4E6 /* Build configuration list for PBXNativeTarget "HappylocTests" */;
			buildPhases = (
				17585D0C2DA3FE090099A4E6 /* Sources */,
				17585D0D2DA3FE090099A4E6 /* Frameworks */,
				17585D0E2DA3FE090099A4E6 /* Resources */,
			);
			buildRules = (
			);
			dependencies = (
				17585D122DA3FE090099A4E6 /* PBXTargetDependency */,
			);
			fileSystemSynchronizedGroups = (
				17585D132DA3FE090099A4E6 /* HappylocTests */,
			);
			name = HappylocTests;
			packageProductDependencies = (
			);
			productName = HappylocTests;
			productReference = 17585D102DA3FE090099A4E6 /* HappylocTests.xctest */;
			productType = "com.apple.product-type.bundle.unit-test";
		};
		17585D192DA3FE090099A4E6 /* HappylocUITests */ = {
			isa = PBXNativeTarget;
			buildConfigurationList = 17585D2A2DA3FE090099A4E6 /* Build configuration list for PBXNativeTarget "HappylocUITests" */;
			buildPhases = (
				17585D162DA3FE090099A4E6 /* Sources */,
				17585D172DA3FE090099A4E6 /* Frameworks */,
				17585D182DA3FE090099A4E6 /* Resources */,
			);
			buildRules = (
			);
			dependencies = (
				17585D1C2DA3FE090099A4E6 /* PBXTargetDependency */,
			);
			fileSystemSynchronizedGroups = (
				17585D1D2DA3FE090099A4E6 /* HappylocUITests */,
			);
			name = HappylocUITests;
			packageProductDependencies = (
			);
			productName = HappylocUITests;
			productReference = 17585D1A2DA3FE090099A4E6 /* HappylocUITests.xctest */;
			productType = "com.apple.product-type.bundle.ui-testing";
		};
/* End PBXNativeTarget section */

/* Begin PBXProject section */
		17585CF92DA3FE070099A4E6 /* Project object */ = {
			isa = PBXProject;
			attributes = {
				BuildIndependentTargetsInParallel = 1;
				LastSwiftUpdateCheck = 1630;
				LastUpgradeCheck = 1630;
				TargetAttributes = {
					17585D002DA3FE070099A4E6 = {
						CreatedOnToolsVersion = 16.3;
					};
					17585D0F2DA3FE090099A4E6 = {
						CreatedOnToolsVersion = 16.3;
						TestTargetID = 17585D002DA3FE070099A4E6;
					};
					17585D192DA3FE090099A4E6 = {
						CreatedOnToolsVersion = 16.3;
						TestTargetID = 17585D002DA3FE070099A4E6;
					};
				};
			};
			buildConfigurationList = 17585CFC2DA3FE070099A4E6 /* Build configuration list for PBXProject "Happyloc" */;
			developmentRegion = en;
			hasScannedForEncodings = 0;
			knownRegions = (
				en,
				Base,
			);
			mainGroup = 17585CF82DA3FE070099A4E6;
			minimizedProjectReferenceProxies = 1;
			preferredProjectObjectVersion = 77;
			productRefGroup = 17585D022DA3FE070099A4E6 /* Products */;
			projectDirPath = "";
			projectRoot = "";
			targets = (
				17585D002DA3FE070099A4E6 /* Happyloc */,
				17585D0F2DA3FE090099A4E6 /* HappylocTests */,
				17585D192DA3FE090099A4E6 /* HappylocUITests */,
			);
		};
/* End PBXProject section */

/* Begin PBXResourcesBuildPhase section */
		17585CFF2DA3FE070099A4E6 /* Resources */ = {
			isa = PBXResourcesBuildPhase;
			buildActionMask = 2147483647;
			files = (
			);
			runOnlyForDeploymentPostprocessing = 0;
		};
		17585D0E2DA3FE090099A4E6 /* Resources */ = {
			isa = PBXResourcesBuildPhase;
			buildActionMask = 2147483647;
			files = (
			);
			runOnlyForDeploymentPostprocessing = 0;
		};
		17585D182DA3FE090099A4E6 /* Resources */ = {
			isa = PBXResourcesBuildPhase;
			buildActionMask = 2147483647;
			files = (
			);
			runOnlyForDeploymentPostprocessing = 0;
		};
/* End PBXResourcesBuildPhase section */

/* Begin PBXSourcesBuildPhase section */
		17585CFD2DA3FE070099A4E6 /* Sources */ = {
			isa = PBXSourcesBuildPhase;
			buildActionMask = 2147483647;
			files = (
			);
			runOnlyForDeploymentPostprocessing = 0;
		};
		17585D0C2DA3FE090099A4E6 /* Sources */ = {
			isa = PBXSourcesBuildPhase;
			buildActionMask = 2147483647;
			files = (
			);
			runOnlyForDeploymentPostprocessing = 0;
		};
		17585D162DA3FE090099A4E6 /* Sources */ = {
			isa = PBXSourcesBuildPhase;
			buildActionMask = 2147483647;
			files = (
			);
			runOnlyForDeploymentPostprocessing = 0;
		};
/* End PBXSourcesBuildPhase section */

/* Begin PBXTargetDependency section */
		17585D122DA3FE090099A4E6 /* PBXTargetDependency */ = {
			isa = PBXTargetDependency;
			target = 17585D002DA3FE070099A4E6 /* Happyloc */;
			targetProxy = 17585D112DA3FE090099A4E6 /* PBXContainerItemProxy */;
		};
		17585D1C2DA3FE090099A4E6 /* PBXTargetDependency */ = {
			isa = PBXTargetDependency;
			target = 17585D002DA3FE070099A4E6 /* Happyloc */;
			targetProxy = 17585D1B2DA3FE090099A4E6 /* PBXContainerItemProxy */;
		};
/* End PBXTargetDependency section */

/* Begin XCBuildConfiguration section */
		17585D222DA3FE090099A4E6 /* Debug */ = {
			isa = XCBuildConfiguration;
			buildSettings = {
				ALWAYS_SEARCH_USER_PATHS = NO;
				ASSETCATALOG_COMPILER_GENERATE_SWIFT_ASSET_SYMBOL_EXTENSIONS = YES;
				CLANG_ANALYZER_NONNULL = YES;
				CLANG_ANALYZER_NUMBER_OBJECT_CONVERSION = YES_AGGRESSIVE;
				CLANG_CXX_LANGUAGE_STANDARD = "gnu++20";
				CLANG_ENABLE_MODULES = YES;
				CLANG_ENABLE_OBJC_ARC = YES;
				CLANG_ENABLE_OBJC_WEAK = YES;
				CLANG_WARN_BLOCK_CAPTURE_AUTORELEASING = YES;
				CLANG_WARN_BOOL_CONVERSION = YES;
				CLANG_WARN_COMMA = YES;
				CLANG_WARN_CONSTANT_CONVERSION = YES;
				CLANG_WARN_DEPRECATED_OBJC_IMPLEMENTATIONS = YES;
				CLANG_WARN_DIRECT_OBJC_ISA_USAGE = YES_ERROR;
				CLANG_WARN_DOCUMENTATION_COMMENTS = YES;
				CLANG_WARN_EMPTY_BODY = YES;
				CLANG_WARN_ENUM_CONVERSION = YES;
				CLANG_WARN_INFINITE_RECURSION = YES;
				CLANG_WARN_INT_CONVERSION = YES;
				CLANG_WARN_NON_LITERAL_NULL_CONVERSION = YES;
				CLANG_WARN_OBJC_IMPLICIT_RETAIN_SELF = YES;
				CLANG_WARN_OBJC_LITERAL_CONVERSION = YES;
				CLANG_WARN_OBJC_ROOT_CLASS = YES_ERROR;
				CLANG_WARN_QUOTED_INCLUDE_IN_FRAMEWORK_HEADER = YES;
				CLANG_WARN_RANGE_LOOP_ANALYSIS = YES;
				CLANG_WARN_STRICT_PROTOTYPES = YES;
				CLANG_WARN_SUSPICIOUS_MOVE = YES;
				CLANG_WARN_UNGUARDED_AVAILABILITY = YES_AGGRESSIVE;
				CLANG_WARN_UNREACHABLE_CODE = YES;
				CLANG_WARN__DUPLICATE_METHOD_MATCH = YES;
				COPY_PHASE_STRIP = NO;
				DEBUG_INFORMATION_FORMAT = dwarf;
				ENABLE_STRICT_OBJC_MSGSEND = YES;
				ENABLE_TESTABILITY = YES;
				ENABLE_USER_SCRIPT_SANDBOXING = YES;
				GCC_C_LANGUAGE_STANDARD = gnu17;
				GCC_DYNAMIC_NO_PIC = NO;
				GCC_NO_COMMON_BLOCKS = YES;
				GCC_OPTIMIZATION_LEVEL = 0;
				GCC_PREPROCESSOR_DEFINITIONS = (
					"DEBUG=1",
					"$(inherited)",
				);
				GCC_WARN_64_TO_32_BIT_CONVERSION = YES;
				GCC_WARN_ABOUT_RETURN_TYPE = YES_ERROR;
				GCC_WARN_UNDECLARED_SELECTOR = YES;
				GCC_WARN_UNINITIALIZED_AUTOS = YES_AGGRESSIVE;
				GCC_WARN_UNUSED_FUNCTION = YES;
				GCC_WARN_UNUSED_VARIABLE = YES;
				IPHONEOS_DEPLOYMENT_TARGET = 18.4;
				LOCALIZATION_PREFERS_STRING_CATALOGS = YES;
				MTL_ENABLE_DEBUG_INFO = INCLUDE_SOURCE;
				MTL_FAST_MATH = YES;
				ONLY_ACTIVE_ARCH = YES;
				SDKROOT = iphoneos;
				SWIFT_ACTIVE_COMPILATION_CONDITIONS = "DEBUG $(inherited)";
				SWIFT_OPTIMIZATION_LEVEL = "-Onone";
			};
			name = Debug;
		};
		17585D232DA3FE090099A4E6 /* Release */ = {
			isa = XCBuildConfiguration;
			buildSettings = {
				ALWAYS_SEARCH_USER_PATHS = NO;
				ASSETCATALOG_COMPILER_GENERATE_SWIFT_ASSET_SYMBOL_EXTENSIONS = YES;
				CLANG_ANALYZER_NONNULL = YES;
				CLANG_ANALYZER_NUMBER_OBJECT_CONVERSION = YES_AGGRESSIVE;
				CLANG_CXX_LANGUAGE_STANDARD = "gnu++20";
				CLANG_ENABLE_MODULES = YES;
				CLANG_ENABLE_OBJC_ARC = YES;
				CLANG_ENABLE_OBJC_WEAK = YES;
				CLANG_WARN_BLOCK_CAPTURE_AUTORELEASING = YES;
				CLANG_WARN_BOOL_CONVERSION = YES;
				CLANG_WARN_COMMA = YES;
				CLANG_WARN_CONSTANT_CONVERSION = YES;
				CLANG_WARN_DEPRECATED_OBJC_IMPLEMENTATIONS = YES;
				CLANG_WARN_DIRECT_OBJC_ISA_USAGE = YES_ERROR;
				CLANG_WARN_DOCUMENTATION_COMMENTS = YES;
				CLANG_WARN_EMPTY_BODY = YES;
				CLANG_WARN_ENUM_CONVERSION = YES;
				CLANG_WARN_INFINITE_RECURSION = YES;
				CLANG_WARN_INT_CONVERSION = YES;
				CLANG_WARN_NON_LITERAL_NULL_CONVERSION = YES;
				CLANG_WARN_OBJC_IMPLICIT_RETAIN_SELF = YES;
				CLANG_WARN_OBJC_LITERAL_CONVERSION = YES;
				CLANG_WARN_OBJC_ROOT_CLASS = YES_ERROR;
				CLANG_WARN_QUOTED_INCLUDE_IN_FRAMEWORK_HEADER = YES;
				CLANG_WARN_RANGE_LOOP_ANALYSIS = YES;
				CLANG_WARN_STRICT_PROTOTYPES = YES;
				CLANG_WARN_SUSPICIOUS_MOVE = YES;
				CLANG_WARN_UNGUARDED_AVAILABILITY = YES_AGGRESSIVE;
				CLANG_WARN_UNREACHABLE_CODE = YES;
				CLANG_WARN__DUPLICATE_METHOD_MATCH = YES;
				COPY_PHASE_STRIP = NO;
				DEBUG_INFORMATION_FORMAT = "dwarf-with-dsym";
				ENABLE_NS_ASSERTIONS = NO;
				ENABLE_STRICT_OBJC_MSGSEND = YES;
				ENABLE_USER_SCRIPT_SANDBOXING = YES;
				GCC_C_LANGUAGE_STANDARD = gnu17;
				GCC_NO_COMMON_BLOCKS = YES;
				GCC_WARN_64_TO_32_BIT_CONVERSION = YES;
				GCC_WARN_ABOUT_RETURN_TYPE = YES_ERROR;
				GCC_WARN_UNDECLARED_SELECTOR = YES;
				GCC_WARN_UNINITIALIZED_AUTOS = YES_AGGRESSIVE;
				GCC_WARN_UNUSED_FUNCTION = YES;
				GCC_WARN_UNUSED_VARIABLE = YES;
				IPHONEOS_DEPLOYMENT_TARGET = 18.4;
				LOCALIZATION_PREFERS_STRING_CATALOGS = YES;
				MTL_ENABLE_DEBUG_INFO = NO;
				MTL_FAST_MATH = YES;
				SDKROOT = iphoneos;
				SWIFT_COMPILATION_MODE = wholemodule;
				VALIDATE_PRODUCT = YES;
			};
			name = Release;
		};
		17585D252DA3FE090099A4E6 /* Debug */ = {
			isa = XCBuildConfiguration;
			buildSettings = {
				ASSETCATALOG_COMPILER_APPICON_NAME = AppIcon;
				ASSETCATALOG_COMPILER_GLOBAL_ACCENT_COLOR_NAME = AccentColor;
				CODE_SIGN_STYLE = Automatic;
				CURRENT_PROJECT_VERSION = 1;
				ENABLE_PREVIEWS = YES;
				GENERATE_INFOPLIST_FILE = YES;
				INFOPLIST_KEY_UIApplicationSceneManifest_Generation = YES;
				INFOPLIST_KEY_UIApplicationSupportsIndirectInputEvents = YES;
				INFOPLIST_KEY_UILaunchScreen_Generation = YES;
				INFOPLIST_KEY_UISupportedInterfaceOrientations_iPad = "UIInterfaceOrientationPortrait UIInterfaceOrientationPortraitUpsideDown UIInterfaceOrientationLandscapeLeft UIInterfaceOrientationLandscapeRight";
				INFOPLIST_KEY_UISupportedInterfaceOrientations_iPhone = "UIInterfaceOrientationPortrait UIInterfaceOrientationLandscapeLeft UIInterfaceOrientationLandscapeRight";
				LD_RUNPATH_SEARCH_PATHS = (
					"$(inherited)",
					"@executable_path/Frameworks",
				);
				MARKETING_VERSION = 1.0;
				PRODUCT_BUNDLE_IDENTIFIER = florian.touraine.Happyloc;
				PRODUCT_NAME = "$(TARGET_NAME)";
				SWIFT_EMIT_LOC_STRINGS = YES;
				SWIFT_VERSION = 5.0;
				TARGETED_DEVICE_FAMILY = "1,2";
			};
			name = Debug;
		};
		17585D262DA3FE090099A4E6 /* Release */ = {
			isa = XCBuildConfiguration;
			buildSettings = {
				ASSETCATALOG_COMPILER_APPICON_NAME = AppIcon;
				ASSETCATALOG_COMPILER_GLOBAL_ACCENT_COLOR_NAME = AccentColor;
				CODE_SIGN_STYLE = Automatic;
				CURRENT_PROJECT_VERSION = 1;
				ENABLE_PREVIEWS = YES;
				GENERATE_INFOPLIST_FILE = YES;
				INFOPLIST_KEY_UIApplicationSceneManifest_Generation = YES;
				INFOPLIST_KEY_UIApplicationSupportsIndirectInputEvents = YES;
				INFOPLIST_KEY_UILaunchScreen_Generation = YES;
				INFOPLIST_KEY_UISupportedInterfaceOrientations_iPad = "UIInterfaceOrientationPortrait UIInterfaceOrientationPortraitUpsideDown UIInterfaceOrientationLandscapeLeft UIInterfaceOrientationLandscapeRight";
				INFOPLIST_KEY_UISupportedInterfaceOrientations_iPhone = "UIInterfaceOrientationPortrait UIInterfaceOrientationLandscapeLeft UIInterfaceOrientationLandscapeRight";
				LD_RUNPATH_SEARCH_PATHS = (
					"$(inherited)",
					"@executable_path/Frameworks",
				);
				MARKETING_VERSION = 1.0;
				PRODUCT_BUNDLE_IDENTIFIER = florian.touraine.Happyloc;
				PRODUCT_NAME = "$(TARGET_NAME)";
				SWIFT_EMIT_LOC_STRINGS = YES;
				SWIFT_VERSION = 5.0;
				TARGETED_DEVICE_FAMILY = "1,2";
			};
			name = Release;
		};
		17585D282DA3FE090099A4E6 /* Debug */ = {
			isa = XCBuildConfiguration;
			buildSettings = {
				BUNDLE_LOADER = "$(TEST_HOST)";
				CODE_SIGN_STYLE = Automatic;
				CURRENT_PROJECT_VERSION = 1;
				GENERATE_INFOPLIST_FILE = YES;
				IPHONEOS_DEPLOYMENT_TARGET = 18.4;
				MARKETING_VERSION = 1.0;
				PRODUCT_BUNDLE_IDENTIFIER = florian.touraine.HappylocTests;
				PRODUCT_NAME = "$(TARGET_NAME)";
				SWIFT_EMIT_LOC_STRINGS = NO;
				SWIFT_VERSION = 5.0;
				TARGETED_DEVICE_FAMILY = "1,2";
				TEST_HOST = "$(BUILT_PRODUCTS_DIR)/Happyloc.app/$(BUNDLE_EXECUTABLE_FOLDER_PATH)/Happyloc";
			};
			name = Debug;
		};
		17585D292DA3FE090099A4E6 /* Release */ = {
			isa = XCBuildConfiguration;
			buildSettings = {
				BUNDLE_LOADER = "$(TEST_HOST)";
				CODE_SIGN_STYLE = Automatic;
				CURRENT_PROJECT_VERSION = 1;
				GENERATE_INFOPLIST_FILE = YES;
				IPHONEOS_DEPLOYMENT_TARGET = 18.4;
				MARKETING_VERSION = 1.0;
				PRODUCT_BUNDLE_IDENTIFIER = florian.touraine.HappylocTests;
				PRODUCT_NAME = "$(TARGET_NAME)";
				SWIFT_EMIT_LOC_STRINGS = NO;
				SWIFT_VERSION = 5.0;
				TARGETED_DEVICE_FAMILY = "1,2";
				TEST_HOST = "$(BUILT_PRODUCTS_DIR)/Happyloc.app/$(BUNDLE_EXECUTABLE_FOLDER_PATH)/Happyloc";
			};
			name = Release;
		};
		17585D2B2DA3FE090099A4E6 /* Debug */ = {
			isa = XCBuildConfiguration;
			buildSettings = {
				CODE_SIGN_STYLE = Automatic;
				CURRENT_PROJECT_VERSION = 1;
				GENERATE_INFOPLIST_FILE = YES;
				MARKETING_VERSION = 1.0;
				PRODUCT_BUNDLE_IDENTIFIER = florian.touraine.HappylocUITests;
				PRODUCT_NAME = "$(TARGET_NAME)";
				SWIFT_EMIT_LOC_STRINGS = NO;
				SWIFT_VERSION = 5.0;
				TARGETED_DEVICE_FAMILY = "1,2";
				TEST_TARGET_NAME = Happyloc;
			};
			name = Debug;
		};
		17585D2C2DA3FE090099A4E6 /* Release */ = {
			isa = XCBuildConfiguration;
			buildSettings = {
				CODE_SIGN_STYLE = Automatic;
				CURRENT_PROJECT_VERSION = 1;
				GENERATE_INFOPLIST_FILE = YES;
				MARKETING_VERSION = 1.0;
				PRODUCT_BUNDLE_IDENTIFIER = florian.touraine.HappylocUITests;
				PRODUCT_NAME = "$(TARGET_NAME)";
				SWIFT_EMIT_LOC_STRINGS = NO;
				SWIFT_VERSION = 5.0;
				TARGETED_DEVICE_FAMILY = "1,2";
				TEST_TARGET_NAME = Happyloc;
			};
			name = Release;
		};
/* End XCBuildConfiguration section */

/* Begin XCConfigurationList section */
		17585CFC2DA3FE070099A4E6 /* Build configuration list for PBXProject "Happyloc" */ = {
			isa = XCConfigurationList;
			buildConfigurations = (
				17585D222DA3FE090099A4E6 /* Debug */,
				17585D232DA3FE090099A4E6 /* Release */,
			);
			defaultConfigurationIsVisible = 0;
			defaultConfigurationName = Release;
		};
		17585D242DA3FE090099A4E6 /* Build configuration list for PBXNativeTarget "Happyloc" */ = {
			isa = XCConfigurationList;
			buildConfigurations = (
				17585D252DA3FE090099A4E6 /* Debug */,
				17585D262DA3FE090099A4E6 /* Release */,
			);
			defaultConfigurationIsVisible = 0;
			defaultConfigurationName = Release;
		};
		17585D272DA3FE090099A4E6 /* Build configuration list for PBXNativeTarget "HappylocTests" */ = {
			isa = XCConfigurationList;
			buildConfigurations = (
				17585D282DA3FE090099A4E6 /* Debug */,
				17585D292DA3FE090099A4E6 /* Release */,
			);
			defaultConfigurationIsVisible = 0;
			defaultConfigurationName = Release;
		};
		17585D2A2DA3FE090099A4E6 /* Build configuration list for PBXNativeTarget "HappylocUITests" */ = {
			isa = XCConfigurationList;
			buildConfigurations = (
				17585D2B2DA3FE090099A4E6 /* Debug */,
				17585D2C2DA3FE090099A4E6 /* Release */,
			);
			defaultConfigurationIsVisible = 0;
			defaultConfigurationName = Release;
		};
/* End XCConfigurationList section */
	};
	rootObject = 17585CF92DA3FE070099A4E6 /* Project object */;
}
